
Microsoft Visual Studio Solution File, Format Version 12.00
# Visual Studio 2012
Project("{FAE04EC0-301F-11D3-BF4B-00C04F79EFBC}") = "practical3", "practical3.csproj", "{D76C4A81-BE5A-4BBB-B7B0-D7BF8C9470E4}"
EndProject
Project("{FAE04EC0-301F-11D3-BF4B-00C04F79EFBC}") = "practical4", "..\practical4\practical4.csproj", "{ED942738-B82E-454A-B820-F75905D1FA5B}"
EndProject
Global
	GlobalSection(SolutionConfigurationPlatforms) = preSolution
		Debug|Any CPU = Debug|Any CPU
		Release|Any CPU = Release|Any CPU
	EndGlobalSection
	GlobalSection(ProjectConfigurationPlatforms) = postSolution
		{D76C4A81-BE5A-4BBB-B7B0-D7BF8C9470E4}.Debug|Any CPU.ActiveCfg = Debug|Any CPU
		{D76C4A81-BE5A-4BBB-B7B0-D7BF8C9470E4}.Debug|Any CPU.Build.0 = Debug|Any CPU
		{D76C4A81-BE5A-4BBB-B7B0-D7BF8C9470E4}.Release|Any CPU.ActiveCfg = Release|Any CPU
		{D76C4A81-BE5A-4BBB-B7B0-D7BF8C9470E4}.Release|Any CPU.Build.0 = Release|Any CPU
		{ED942738-B82E-454A-B820-F75905D1FA5B}.Debug|Any CPU.ActiveCfg = Debug|Any CPU
		{ED942738-B82E-454A-B820-F75905D1FA5B}.Debug|Any CPU.Build.0 = Debug|Any CPU
		{ED942738-B82E-454A-B820-F75905D1FA5B}.Release|Any CPU.ActiveCfg = Release|Any CPU
		{ED942738-B82E-454A-B820-F75905D1FA5B}.Release|Any CPU.Build.0 = Release|Any CPU
	EndGlobalSection
	GlobalSection(SolutionProperties) = preSolution
		HideSolutionNode = FALSE
	EndGlobalSection
EndGlobal
